// !$*UTF8*$!
{
	archiveVersion = 1;
	classes = {
	};
	objectVersion = 56;
	objects = {

/* Begin PBXBuildFile section */
		6B1118BC29801CC9005D59E1 /* LocaleStorageManager.swift in Sources */ = {isa = PBXBuildFile; fileRef = 6B1118BB29801CC9005D59E1 /* LocaleStorageManager.swift */; };
		6B1118DE2980271D005D59E1 /* GoogleService-Info.plist in Resources */ = {isa = PBXBuildFile; fileRef = 6B1118DD2980271D005D59E1 /* GoogleService-Info.plist */; };
		6B1118E329805918005D59E1 /* ImageDownloader.swift in Sources */ = {isa = PBXBuildFile; fileRef = 6B1118E229805918005D59E1 /* ImageDownloader.swift */; };
		6B11190529834728005D59E1 /* BaseViewController.swift in Sources */ = {isa = PBXBuildFile; fileRef = 6B11190429834728005D59E1 /* BaseViewController.swift */; };
		6B1152982969F61500CCF696 /* AppDelegate.swift in Sources */ = {isa = PBXBuildFile; fileRef = 6B1152972969F61500CCF696 /* AppDelegate.swift */; };
		6B11529A2969F61500CCF696 /* SceneDelegate.swift in Sources */ = {isa = PBXBuildFile; fileRef = 6B1152992969F61500CCF696 /* SceneDelegate.swift */; };
		6B11529C2969F61500CCF696 /* ChatViewController.swift in Sources */ = {isa = PBXBuildFile; fileRef = 6B11529B2969F61500CCF696 /* ChatViewController.swift */; };
		6B11529F2969F61500CCF696 /* Main.storyboard in Resources */ = {isa = PBXBuildFile; fileRef = 6B11529D2969F61500CCF696 /* Main.storyboard */; };
		6B1152A12969F61600CCF696 /* Assets.xcassets in Resources */ = {isa = PBXBuildFile; fileRef = 6B1152A02969F61600CCF696 /* Assets.xcassets */; };
		6B1152A42969F61600CCF696 /* LaunchScreen.storyboard in Resources */ = {isa = PBXBuildFile; fileRef = 6B1152A22969F61600CCF696 /* LaunchScreen.storyboard */; };
		6B1152B02969FFC300CCF696 /* LoginViewController.swift in Sources */ = {isa = PBXBuildFile; fileRef = 6B1152AF2969FFC300CCF696 /* LoginViewController.swift */; };
		6B1152B22969FFD200CCF696 /* RegisterViewController.swift in Sources */ = {isa = PBXBuildFile; fileRef = 6B1152B12969FFD200CCF696 /* RegisterViewController.swift */; };
		6B1152B5296A000600CCF696 /* NewMessageViewController.swift in Sources */ = {isa = PBXBuildFile; fileRef = 6B1152B4296A000600CCF696 /* NewMessageViewController.swift */; };
		6B1152B7296A004D00CCF696 /* ProfileViewController.swift in Sources */ = {isa = PBXBuildFile; fileRef = 6B1152B6296A004D00CCF696 /* ProfileViewController.swift */; };
		6B1152B9296A009800CCF696 /* PhotoViewController.swift in Sources */ = {isa = PBXBuildFile; fileRef = 6B1152B8296A009800CCF696 /* PhotoViewController.swift */; };
		6B1152BB296A00AC00CCF696 /* VideoViewController.swift in Sources */ = {isa = PBXBuildFile; fileRef = 6B1152BA296A00AC00CCF696 /* VideoViewController.swift */; };
		6B1152BE296A259500CCF696 /* String+Constants.swift in Sources */ = {isa = PBXBuildFile; fileRef = 6B1152BD296A259500CCF696 /* String+Constants.swift */; };
		6B1152C1296A336400CCF696 /* FirebaseAuth in Frameworks */ = {isa = PBXBuildFile; productRef = 6B1152C0296A336400CCF696 /* FirebaseAuth */; };
		6B1152C3296A336400CCF696 /* FirebaseDatabase in Frameworks */ = {isa = PBXBuildFile; productRef = 6B1152C2296A336400CCF696 /* FirebaseDatabase */; };
		6B1152C5296A336400CCF696 /* FirebaseStorage in Frameworks */ = {isa = PBXBuildFile; productRef = 6B1152C4296A336400CCF696 /* FirebaseStorage */; };
		6B1152CA296A364E00CCF696 /* FirebaseManager.swift in Sources */ = {isa = PBXBuildFile; fileRef = 6B1152C9296A364E00CCF696 /* FirebaseManager.swift */; };
		6B1152CD296A40C200CCF696 /* DatabaseManager.swift in Sources */ = {isa = PBXBuildFile; fileRef = 6B1152CC296A40C200CCF696 /* DatabaseManager.swift */; };
		6B1152CF296A448C00CCF696 /* User.swift in Sources */ = {isa = PBXBuildFile; fileRef = 6B1152CE296A448C00CCF696 /* User.swift */; };
		6B1152D2296B6C2000CCF696 /* MessageKit in Frameworks */ = {isa = PBXBuildFile; productRef = 6B1152D1296B6C2000CCF696 /* MessageKit */; };
		6B1152D5296B6C4200CCF696 /* JGProgressHUD in Frameworks */ = {isa = PBXBuildFile; productRef = 6B1152D4296B6C4200CCF696 /* JGProgressHUD */; };
		6B1152D8296B6D9E00CCF696 /* RealmSwift in Frameworks */ = {isa = PBXBuildFile; productRef = 6B1152D7296B6D9E00CCF696 /* RealmSwift */; };
		6B1152DA296B6DDB00CCF696 /* ChatListViewController.swift in Sources */ = {isa = PBXBuildFile; fileRef = 6B1152D9296B6DDB00CCF696 /* ChatListViewController.swift */; };
		6B1152DE296B783E00CCF696 /* ChatListCell.swift in Sources */ = {isa = PBXBuildFile; fileRef = 6B1152DD296B783E00CCF696 /* ChatListCell.swift */; };
		6B1152E0296F7BFD00CCF696 /* NewConversationViewController.swift in Sources */ = {isa = PBXBuildFile; fileRef = 6B1152DF296F7BFD00CCF696 /* NewConversationViewController.swift */; };
		6B1152E2296F7FD200CCF696 /* StorageManager.swift in Sources */ = {isa = PBXBuildFile; fileRef = 6B1152E1296F7FD200CCF696 /* StorageManager.swift */; };
		6B1152E62971AC1700CCF696 /* Message.swift in Sources */ = {isa = PBXBuildFile; fileRef = 6B1152E52971AC1700CCF696 /* Message.swift */; };
		6B1152E82971AC6300CCF696 /* Sender.swift in Sources */ = {isa = PBXBuildFile; fileRef = 6B1152E72971AC6300CCF696 /* Sender.swift */; };
		6B1152EA2972270100CCF696 /* ForgotPasswordViewController.swift in Sources */ = {isa = PBXBuildFile; fileRef = 6B1152E92972270100CCF696 /* ForgotPasswordViewController.swift */; };
		6B1152ED297229D300CCF696 /* String+Validator.swift in Sources */ = {isa = PBXBuildFile; fileRef = 6B1152EC297229D300CCF696 /* String+Validator.swift */; };
		6B1152EF2972339C00CCF696 /* NewPasswordViewController.swift in Sources */ = {isa = PBXBuildFile; fileRef = 6B1152EE2972339C00CCF696 /* NewPasswordViewController.swift */; };
		6B1152F129723A2E00CCF696 /* MainScreen.swift in Sources */ = {isa = PBXBuildFile; fileRef = 6B1152F029723A2E00CCF696 /* MainScreen.swift */; };
		6B5DEC0F297C27C4006A171D /* AuthNavigationController.swift in Sources */ = {isa = PBXBuildFile; fileRef = 6B5DEC0E297C27C4006A171D /* AuthNavigationController.swift */; };
		6B5DEC11297C4254006A171D /* ContactCell.swift in Sources */ = {isa = PBXBuildFile; fileRef = 6B5DEC10297C4254006A171D /* ContactCell.swift */; };
		6BB9427529736B6F00448D33 /* ConversationsViewController.swift in Sources */ = {isa = PBXBuildFile; fileRef = 6BB9427429736B6F00448D33 /* ConversationsViewController.swift */; };
		6BD53A6B297F01120031E0C6 /* PrivateNotesViewController.swift in Sources */ = {isa = PBXBuildFile; fileRef = 6BD53A6A297F01120031E0C6 /* PrivateNotesViewController.swift */; };
		6BD53A6D297F25090031E0C6 /* PrivateNotesCell.swift in Sources */ = {isa = PBXBuildFile; fileRef = 6BD53A6C297F25090031E0C6 /* PrivateNotesCell.swift */; };
		6BD53A6F297F25870031E0C6 /* CreateNewNoteViewController.swift in Sources */ = {isa = PBXBuildFile; fileRef = 6BD53A6E297F25870031E0C6 /* CreateNewNoteViewController.swift */; };
		6BD53A71297F33670031E0C6 /* Note.swift in Sources */ = {isa = PBXBuildFile; fileRef = 6BD53A70297F33670031E0C6 /* Note.swift */; };
		6BF4271A29737E9F00444AD0 /* ContactsViewController.swift in Sources */ = {isa = PBXBuildFile; fileRef = 6BF4271929737E9F00444AD0 /* ContactsViewController.swift */; };
		6BF4271D29761E4C00444AD0 /* Conversation.swift in Sources */ = {isa = PBXBuildFile; fileRef = 6BF4271C29761E4C00444AD0 /* Conversation.swift */; };
		6BF4271F29761E6F00444AD0 /* LatestMessaage.swift in Sources */ = {isa = PBXBuildFile; fileRef = 6BF4271E29761E6F00444AD0 /* LatestMessaage.swift */; };
		6BF427212976462D00444AD0 /* ConversationTableViewCell.swift in Sources */ = {isa = PBXBuildFile; fileRef = 6BF427202976462D00444AD0 /* ConversationTableViewCell.swift */; };
/* End PBXBuildFile section */

/* Begin PBXFileReference section */
		6B1118BB29801CC9005D59E1 /* LocaleStorageManager.swift */ = {isa = PBXFileReference; lastKnownFileType = sourcecode.swift; path = LocaleStorageManager.swift; sourceTree = "<group>"; };
		6B1118DD2980271D005D59E1 /* GoogleService-Info.plist */ = {isa = PBXFileReference; fileEncoding = 4; lastKnownFileType = text.plist.xml; path = "GoogleService-Info.plist"; sourceTree = "<group>"; };
		6B1118E229805918005D59E1 /* ImageDownloader.swift */ = {isa = PBXFileReference; lastKnownFileType = sourcecode.swift; path = ImageDownloader.swift; sourceTree = "<group>"; };
		6B11190429834728005D59E1 /* BaseViewController.swift */ = {isa = PBXFileReference; lastKnownFileType = sourcecode.swift; path = BaseViewController.swift; sourceTree = "<group>"; };
		6B1152942969F61500CCF696 /* Messanger_version_1.app */ = {isa = PBXFileReference; explicitFileType = wrapper.application; includeInIndex = 0; path = Messanger_version_1.app; sourceTree = BUILT_PRODUCTS_DIR; };
		6B1152972969F61500CCF696 /* AppDelegate.swift */ = {isa = PBXFileReference; lastKnownFileType = sourcecode.swift; path = AppDelegate.swift; sourceTree = "<group>"; };
		6B1152992969F61500CCF696 /* SceneDelegate.swift */ = {isa = PBXFileReference; lastKnownFileType = sourcecode.swift; path = SceneDelegate.swift; sourceTree = "<group>"; };
		6B11529B2969F61500CCF696 /* ChatViewController.swift */ = {isa = PBXFileReference; lastKnownFileType = sourcecode.swift; path = ChatViewController.swift; sourceTree = "<group>"; };
		6B11529E2969F61500CCF696 /* Base */ = {isa = PBXFileReference; lastKnownFileType = file.storyboard; name = Base; path = Base.lproj/Main.storyboard; sourceTree = "<group>"; };
		6B1152A02969F61600CCF696 /* Assets.xcassets */ = {isa = PBXFileReference; lastKnownFileType = folder.assetcatalog; path = Assets.xcassets; sourceTree = "<group>"; };
		6B1152A32969F61600CCF696 /* Base */ = {isa = PBXFileReference; lastKnownFileType = file.storyboard; name = Base; path = Base.lproj/LaunchScreen.storyboard; sourceTree = "<group>"; };
		6B1152A52969F61600CCF696 /* Info.plist */ = {isa = PBXFileReference; lastKnownFileType = text.plist.xml; path = Info.plist; sourceTree = "<group>"; };
		6B1152AF2969FFC300CCF696 /* LoginViewController.swift */ = {isa = PBXFileReference; lastKnownFileType = sourcecode.swift; path = LoginViewController.swift; sourceTree = "<group>"; };
		6B1152B12969FFD200CCF696 /* RegisterViewController.swift */ = {isa = PBXFileReference; lastKnownFileType = sourcecode.swift; path = RegisterViewController.swift; sourceTree = "<group>"; };
		6B1152B4296A000600CCF696 /* NewMessageViewController.swift */ = {isa = PBXFileReference; lastKnownFileType = sourcecode.swift; path = NewMessageViewController.swift; sourceTree = "<group>"; };
		6B1152B6296A004D00CCF696 /* ProfileViewController.swift */ = {isa = PBXFileReference; lastKnownFileType = sourcecode.swift; path = ProfileViewController.swift; sourceTree = "<group>"; };
		6B1152B8296A009800CCF696 /* PhotoViewController.swift */ = {isa = PBXFileReference; lastKnownFileType = sourcecode.swift; path = PhotoViewController.swift; sourceTree = "<group>"; };
		6B1152BA296A00AC00CCF696 /* VideoViewController.swift */ = {isa = PBXFileReference; lastKnownFileType = sourcecode.swift; path = VideoViewController.swift; sourceTree = "<group>"; };
		6B1152BD296A259500CCF696 /* String+Constants.swift */ = {isa = PBXFileReference; lastKnownFileType = sourcecode.swift; path = "String+Constants.swift"; sourceTree = "<group>"; };
		6B1152C9296A364E00CCF696 /* FirebaseManager.swift */ = {isa = PBXFileReference; lastKnownFileType = sourcecode.swift; path = FirebaseManager.swift; sourceTree = "<group>"; };
		6B1152CC296A40C200CCF696 /* DatabaseManager.swift */ = {isa = PBXFileReference; lastKnownFileType = sourcecode.swift; path = DatabaseManager.swift; sourceTree = "<group>"; };
		6B1152CE296A448C00CCF696 /* User.swift */ = {isa = PBXFileReference; lastKnownFileType = sourcecode.swift; path = User.swift; sourceTree = "<group>"; };
		6B1152D9296B6DDB00CCF696 /* ChatListViewController.swift */ = {isa = PBXFileReference; lastKnownFileType = sourcecode.swift; path = ChatListViewController.swift; sourceTree = "<group>"; };
		6B1152DD296B783E00CCF696 /* ChatListCell.swift */ = {isa = PBXFileReference; lastKnownFileType = sourcecode.swift; path = ChatListCell.swift; sourceTree = "<group>"; };
		6B1152DF296F7BFD00CCF696 /* NewConversationViewController.swift */ = {isa = PBXFileReference; lastKnownFileType = sourcecode.swift; path = NewConversationViewController.swift; sourceTree = "<group>"; };
		6B1152E1296F7FD200CCF696 /* StorageManager.swift */ = {isa = PBXFileReference; lastKnownFileType = sourcecode.swift; path = StorageManager.swift; sourceTree = "<group>"; };
		6B1152E52971AC1700CCF696 /* Message.swift */ = {isa = PBXFileReference; lastKnownFileType = sourcecode.swift; path = Message.swift; sourceTree = "<group>"; };
		6B1152E72971AC6300CCF696 /* Sender.swift */ = {isa = PBXFileReference; lastKnownFileType = sourcecode.swift; path = Sender.swift; sourceTree = "<group>"; };
		6B1152E92972270100CCF696 /* ForgotPasswordViewController.swift */ = {isa = PBXFileReference; lastKnownFileType = sourcecode.swift; path = ForgotPasswordViewController.swift; sourceTree = "<group>"; };
		6B1152EC297229D300CCF696 /* String+Validator.swift */ = {isa = PBXFileReference; lastKnownFileType = sourcecode.swift; path = "String+Validator.swift"; sourceTree = "<group>"; };
		6B1152EE2972339C00CCF696 /* NewPasswordViewController.swift */ = {isa = PBXFileReference; lastKnownFileType = sourcecode.swift; path = NewPasswordViewController.swift; sourceTree = "<group>"; };
		6B1152F029723A2E00CCF696 /* MainScreen.swift */ = {isa = PBXFileReference; lastKnownFileType = sourcecode.swift; path = MainScreen.swift; sourceTree = "<group>"; };
		6B5DEC0E297C27C4006A171D /* AuthNavigationController.swift */ = {isa = PBXFileReference; lastKnownFileType = sourcecode.swift; path = AuthNavigationController.swift; sourceTree = "<group>"; };
		6B5DEC10297C4254006A171D /* ContactCell.swift */ = {isa = PBXFileReference; lastKnownFileType = sourcecode.swift; path = ContactCell.swift; sourceTree = "<group>"; };
		6BB9427429736B6F00448D33 /* ConversationsViewController.swift */ = {isa = PBXFileReference; lastKnownFileType = sourcecode.swift; path = ConversationsViewController.swift; sourceTree = "<group>"; };
		6BD53A6A297F01120031E0C6 /* PrivateNotesViewController.swift */ = {isa = PBXFileReference; lastKnownFileType = sourcecode.swift; path = PrivateNotesViewController.swift; sourceTree = "<group>"; };
		6BD53A6C297F25090031E0C6 /* PrivateNotesCell.swift */ = {isa = PBXFileReference; lastKnownFileType = sourcecode.swift; path = PrivateNotesCell.swift; sourceTree = "<group>"; };
		6BD53A6E297F25870031E0C6 /* CreateNewNoteViewController.swift */ = {isa = PBXFileReference; lastKnownFileType = sourcecode.swift; path = CreateNewNoteViewController.swift; sourceTree = "<group>"; };
		6BD53A70297F33670031E0C6 /* Note.swift */ = {isa = PBXFileReference; lastKnownFileType = sourcecode.swift; path = Note.swift; sourceTree = "<group>"; };
		6BF4271929737E9F00444AD0 /* ContactsViewController.swift */ = {isa = PBXFileReference; lastKnownFileType = sourcecode.swift; path = ContactsViewController.swift; sourceTree = "<group>"; };
		6BF4271C29761E4C00444AD0 /* Conversation.swift */ = {isa = PBXFileReference; lastKnownFileType = sourcecode.swift; path = Conversation.swift; sourceTree = "<group>"; };
		6BF4271E29761E6F00444AD0 /* LatestMessaage.swift */ = {isa = PBXFileReference; lastKnownFileType = sourcecode.swift; path = LatestMessaage.swift; sourceTree = "<group>"; };
		6BF427202976462D00444AD0 /* ConversationTableViewCell.swift */ = {isa = PBXFileReference; lastKnownFileType = sourcecode.swift; path = ConversationTableViewCell.swift; sourceTree = "<group>"; };
/* End PBXFileReference section */

/* Begin PBXFrameworksBuildPhase section */
		6B1152912969F61500CCF696 /* Frameworks */ = {
			isa = PBXFrameworksBuildPhase;
			buildActionMask = 2147483647;
			files = (
				6B1152D8296B6D9E00CCF696 /* RealmSwift in Frameworks */,
				6B1152C3296A336400CCF696 /* FirebaseDatabase in Frameworks */,
				6B1152C1296A336400CCF696 /* FirebaseAuth in Frameworks */,
				6B1152C5296A336400CCF696 /* FirebaseStorage in Frameworks */,
				6B1152D2296B6C2000CCF696 /* MessageKit in Frameworks */,
				6B1152D5296B6C4200CCF696 /* JGProgressHUD in Frameworks */,
			);
			runOnlyForDeploymentPostprocessing = 0;
		};
/* End PBXFrameworksBuildPhase section */

/* Begin PBXGroup section */
		6B1118DF2980562E005D59E1 /* Helpers */ = {
			isa = PBXGroup;
			children = (
				6B1118E229805918005D59E1 /* ImageDownloader.swift */,
			);
			path = Helpers;
			sourceTree = "<group>";
		};
		6B11528B2969F61500CCF696 = {
			isa = PBXGroup;
			children = (
				6B1152962969F61500CCF696 /* Messanger_version_1 */,
				6B1152952969F61500CCF696 /* Products */,
			);
			sourceTree = "<group>";
		};
		6B1152952969F61500CCF696 /* Products */ = {
			isa = PBXGroup;
			children = (
				6B1152942969F61500CCF696 /* Messanger_version_1.app */,
			);
			name = Products;
			sourceTree = "<group>";
		};
		6B1152962969F61500CCF696 /* Messanger_version_1 */ = {
			isa = PBXGroup;
			children = (
				6B1118DF2980562E005D59E1 /* Helpers */,
				6B1152C8296A363700CCF696 /* Managers */,
				6B1152BC296A258300CCF696 /* Extensions */,
				6B1152AE2969F70100CCF696 /* Resources */,
				6B1152AD2969F6F800CCF696 /* Views */,
				6B1152AC2969F6F100CCF696 /* Controllers */,
				6B1152AB2969F6EC00CCF696 /* Models */,
				6B1152972969F61500CCF696 /* AppDelegate.swift */,
				6B1152992969F61500CCF696 /* SceneDelegate.swift */,
				6B1118DD2980271D005D59E1 /* GoogleService-Info.plist */,
				6B1152A52969F61600CCF696 /* Info.plist */,
			);
			path = Messanger_version_1;
			sourceTree = "<group>";
		};
		6B1152AB2969F6EC00CCF696 /* Models */ = {
			isa = PBXGroup;
			children = (
				6B1152CE296A448C00CCF696 /* User.swift */,
				6B1152E52971AC1700CCF696 /* Message.swift */,
				6B1152E72971AC6300CCF696 /* Sender.swift */,
				6BF4271C29761E4C00444AD0 /* Conversation.swift */,
				6BF4271E29761E6F00444AD0 /* LatestMessaage.swift */,
				6BD53A70297F33670031E0C6 /* Note.swift */,
			);
			path = Models;
			sourceTree = "<group>";
		};
		6B1152AC2969F6F100CCF696 /* Controllers */ = {
			isa = PBXGroup;
			children = (
				6B1152B32969FFD700CCF696 /* Auth */,
				6B11529B2969F61500CCF696 /* ChatViewController.swift */,
				6B1152B4296A000600CCF696 /* NewMessageViewController.swift */,
				6B1152B6296A004D00CCF696 /* ProfileViewController.swift */,
				6B1152B8296A009800CCF696 /* PhotoViewController.swift */,
				6B1152BA296A00AC00CCF696 /* VideoViewController.swift */,
				6B1152D9296B6DDB00CCF696 /* ChatListViewController.swift */,
				6B1152DF296F7BFD00CCF696 /* NewConversationViewController.swift */,
				6B1152F029723A2E00CCF696 /* MainScreen.swift */,
				6BB9427429736B6F00448D33 /* ConversationsViewController.swift */,
				6BF4271929737E9F00444AD0 /* ContactsViewController.swift */,
				6B5DEC0E297C27C4006A171D /* AuthNavigationController.swift */,
				6BD53A6A297F01120031E0C6 /* PrivateNotesViewController.swift */,
				6BD53A6E297F25870031E0C6 /* CreateNewNoteViewController.swift */,
			);
			path = Controllers;
			sourceTree = "<group>";
		};
		6B1152AD2969F6F800CCF696 /* Views */ = {
			isa = PBXGroup;
			children = (
				6B11529D2969F61500CCF696 /* Main.storyboard */,
				6B1152A22969F61600CCF696 /* LaunchScreen.storyboard */,
				6BF427202976462D00444AD0 /* ConversationTableViewCell.swift */,
				6B1152DD296B783E00CCF696 /* ChatListCell.swift */,
				6B5DEC10297C4254006A171D /* ContactCell.swift */,
				6BD53A6C297F25090031E0C6 /* PrivateNotesCell.swift */,
				6B11190429834728005D59E1 /* BaseViewController.swift */,
			);
			path = Views;
			sourceTree = "<group>";
		};
		6B1152AE2969F70100CCF696 /* Resources */ = {
			isa = PBXGroup;
			children = (
				6B1152A02969F61600CCF696 /* Assets.xcassets */,
			);
			path = Resources;
			sourceTree = "<group>";
		};
		6B1152B32969FFD700CCF696 /* Auth */ = {
			isa = PBXGroup;
			children = (
				6B1152AF2969FFC300CCF696 /* LoginViewController.swift */,
				6B1152B12969FFD200CCF696 /* RegisterViewController.swift */,
				6B1152E92972270100CCF696 /* ForgotPasswordViewController.swift */,
				6B1152EE2972339C00CCF696 /* NewPasswordViewController.swift */,
			);
			path = Auth;
			sourceTree = "<group>";
		};
		6B1152BC296A258300CCF696 /* Extensions */ = {
			isa = PBXGroup;
			children = (
				6B1152BD296A259500CCF696 /* String+Constants.swift */,
				6B1152EC297229D300CCF696 /* String+Validator.swift */,
			);
			path = Extensions;
			sourceTree = "<group>";
		};
		6B1152C8296A363700CCF696 /* Managers */ = {
			isa = PBXGroup;
			children = (
				6B1152C9296A364E00CCF696 /* FirebaseManager.swift */,
				6B1152CC296A40C200CCF696 /* DatabaseManager.swift */,
				6B1152E1296F7FD200CCF696 /* StorageManager.swift */,
				6B1118BB29801CC9005D59E1 /* LocaleStorageManager.swift */,
			);
			path = Managers;
			sourceTree = "<group>";
		};
/* End PBXGroup section */

/* Begin PBXNativeTarget section */
		6B1152932969F61500CCF696 /* Messanger_version_1 */ = {
			isa = PBXNativeTarget;
			buildConfigurationList = 6B1152A82969F61600CCF696 /* Build configuration list for PBXNativeTarget "Messanger_version_1" */;
			buildPhases = (
				6B1152902969F61500CCF696 /* Sources */,
				6B1152912969F61500CCF696 /* Frameworks */,
				6B1152922969F61500CCF696 /* Resources */,
			);
			buildRules = (
			);
			dependencies = (
			);
			name = Messanger_version_1;
			packageProductDependencies = (
				6B1152C0296A336400CCF696 /* FirebaseAuth */,
				6B1152C2296A336400CCF696 /* FirebaseDatabase */,
				6B1152C4296A336400CCF696 /* FirebaseStorage */,
				6B1152D1296B6C2000CCF696 /* MessageKit */,
				6B1152D4296B6C4200CCF696 /* JGProgressHUD */,
				6B1152D7296B6D9E00CCF696 /* RealmSwift */,
			);
			productName = Messanger_version_1;
			productReference = 6B1152942969F61500CCF696 /* Messanger_version_1.app */;
			productType = "com.apple.product-type.application";
		};
/* End PBXNativeTarget section */

/* Begin PBXProject section */
		6B11528C2969F61500CCF696 /* Project object */ = {
			isa = PBXProject;
			attributes = {
				BuildIndependentTargetsInParallel = 1;
				LastSwiftUpdateCheck = 1420;
				LastUpgradeCheck = 1420;
				TargetAttributes = {
					6B1152932969F61500CCF696 = {
						CreatedOnToolsVersion = 14.2;
					};
				};
			};
			buildConfigurationList = 6B11528F2969F61500CCF696 /* Build configuration list for PBXProject "Messanger_version_1" */;
			compatibilityVersion = "Xcode 14.0";
			developmentRegion = en;
			hasScannedForEncodings = 0;
			knownRegions = (
				en,
				Base,
			);
			mainGroup = 6B11528B2969F61500CCF696;
			packageReferences = (
				6B1152BF296A336400CCF696 /* XCRemoteSwiftPackageReference "firebase-ios-sdk" */,
				6B1152D0296B6C1F00CCF696 /* XCRemoteSwiftPackageReference "MessageKit" */,
				6B1152D3296B6C4200CCF696 /* XCRemoteSwiftPackageReference "JGProgressHUD" */,
				6B1152D6296B6D9E00CCF696 /* XCRemoteSwiftPackageReference "realm-swift" */,
			);
			productRefGroup = 6B1152952969F61500CCF696 /* Products */;
			projectDirPath = "";
			projectRoot = "";
			targets = (
				6B1152932969F61500CCF696 /* Messanger_version_1 */,
			);
		};
/* End PBXProject section */

/* Begin PBXResourcesBuildPhase section */
		6B1152922969F61500CCF696 /* Resources */ = {
			isa = PBXResourcesBuildPhase;
			buildActionMask = 2147483647;
			files = (
				6B1152A42969F61600CCF696 /* LaunchScreen.storyboard in Resources */,
				6B1152A12969F61600CCF696 /* Assets.xcassets in Resources */,
				6B11529F2969F61500CCF696 /* Main.storyboard in Resources */,
				6B1118DE2980271D005D59E1 /* GoogleService-Info.plist in Resources */,
			);
			runOnlyForDeploymentPostprocessing = 0;
		};
/* End PBXResourcesBuildPhase section */

/* Begin PBXSourcesBuildPhase section */
		6B1152902969F61500CCF696 /* Sources */ = {
			isa = PBXSourcesBuildPhase;
			buildActionMask = 2147483647;
			files = (
				6B5DEC11297C4254006A171D /* ContactCell.swift in Sources */,
				6B1152ED297229D300CCF696 /* String+Validator.swift in Sources */,
				6B1152E2296F7FD200CCF696 /* StorageManager.swift in Sources */,
				6B1152DE296B783E00CCF696 /* ChatListCell.swift in Sources */,
				6BB9427529736B6F00448D33 /* ConversationsViewController.swift in Sources */,
				6B1152CF296A448C00CCF696 /* User.swift in Sources */,
				6B1152E82971AC6300CCF696 /* Sender.swift in Sources */,
				6B1152F129723A2E00CCF696 /* MainScreen.swift in Sources */,
				6B1152E62971AC1700CCF696 /* Message.swift in Sources */,
				6B5DEC0F297C27C4006A171D /* AuthNavigationController.swift in Sources */,
				6B1152E0296F7BFD00CCF696 /* NewConversationViewController.swift in Sources */,
				6B11190529834728005D59E1 /* BaseViewController.swift in Sources */,
				6BD53A6B297F01120031E0C6 /* PrivateNotesViewController.swift in Sources */,
				6BF4271F29761E6F00444AD0 /* LatestMessaage.swift in Sources */,
				6B1152B7296A004D00CCF696 /* ProfileViewController.swift in Sources */,
				6B1152BB296A00AC00CCF696 /* VideoViewController.swift in Sources */,
				6B1152B02969FFC300CCF696 /* LoginViewController.swift in Sources */,
				6BF4271D29761E4C00444AD0 /* Conversation.swift in Sources */,
				6B1152DA296B6DDB00CCF696 /* ChatListViewController.swift in Sources */,
				6B1152B5296A000600CCF696 /* NewMessageViewController.swift in Sources */,
				6B1152CA296A364E00CCF696 /* FirebaseManager.swift in Sources */,
				6B1152BE296A259500CCF696 /* String+Constants.swift in Sources */,
				6BD53A71297F33670031E0C6 /* Note.swift in Sources */,
				6BD53A6D297F25090031E0C6 /* PrivateNotesCell.swift in Sources */,
				6B1152B22969FFD200CCF696 /* RegisterViewController.swift in Sources */,
				6B11529C2969F61500CCF696 /* ChatViewController.swift in Sources */,
				6B1152EF2972339C00CCF696 /* NewPasswordViewController.swift in Sources */,
				6BD53A6F297F25870031E0C6 /* CreateNewNoteViewController.swift in Sources */,
				6B1118BC29801CC9005D59E1 /* LocaleStorageManager.swift in Sources */,
				6B1152CD296A40C200CCF696 /* DatabaseManager.swift in Sources */,
				6B1152EA2972270100CCF696 /* ForgotPasswordViewController.swift in Sources */,
				6B1118E329805918005D59E1 /* ImageDownloader.swift in Sources */,
				6B1152982969F61500CCF696 /* AppDelegate.swift in Sources */,
				6BF427212976462D00444AD0 /* ConversationTableViewCell.swift in Sources */,
				6B1152B9296A009800CCF696 /* PhotoViewController.swift in Sources */,
				6B11529A2969F61500CCF696 /* SceneDelegate.swift in Sources */,
				6BF4271A29737E9F00444AD0 /* ContactsViewController.swift in Sources */,
			);
			runOnlyForDeploymentPostprocessing = 0;
		};
/* End PBXSourcesBuildPhase section */

/* Begin PBXVariantGroup section */
		6B11529D2969F61500CCF696 /* Main.storyboard */ = {
			isa = PBXVariantGroup;
			children = (
				6B11529E2969F61500CCF696 /* Base */,
			);
			name = Main.storyboard;
			sourceTree = "<group>";
		};
		6B1152A22969F61600CCF696 /* LaunchScreen.storyboard */ = {
			isa = PBXVariantGroup;
			children = (
				6B1152A32969F61600CCF696 /* Base */,
			);
			name = LaunchScreen.storyboard;
			sourceTree = "<group>";
		};
/* End PBXVariantGroup section */

/* Begin XCBuildConfiguration section */
		6B1152A62969F61600CCF696 /* Debug */ = {
			isa = XCBuildConfiguration;
			buildSettings = {
				ALWAYS_SEARCH_USER_PATHS = NO;
				CLANG_ANALYZER_NONNULL = YES;
				CLANG_ANALYZER_NUMBER_OBJECT_CONVERSION = YES_AGGRESSIVE;
				CLANG_CXX_LANGUAGE_STANDARD = "gnu++20";
				CLANG_ENABLE_MODULES = YES;
				CLANG_ENABLE_OBJC_ARC = YES;
				CLANG_ENABLE_OBJC_WEAK = YES;
				CLANG_WARN_BLOCK_CAPTURE_AUTORELEASING = YES;
				CLANG_WARN_BOOL_CONVERSION = YES;
				CLANG_WARN_COMMA = YES;
				CLANG_WARN_CONSTANT_CONVERSION = YES;
				CLANG_WARN_DEPRECATED_OBJC_IMPLEMENTATIONS = YES;
				CLANG_WARN_DIRECT_OBJC_ISA_USAGE = YES_ERROR;
				CLANG_WARN_DOCUMENTATION_COMMENTS = YES;
				CLANG_WARN_EMPTY_BODY = YES;
				CLANG_WARN_ENUM_CONVERSION = YES;
				CLANG_WARN_INFINITE_RECURSION = YES;
				CLANG_WARN_INT_CONVERSION = YES;
				CLANG_WARN_NON_LITERAL_NULL_CONVERSION = YES;
				CLANG_WARN_OBJC_IMPLICIT_RETAIN_SELF = YES;
				CLANG_WARN_OBJC_LITERAL_CONVERSION = YES;
				CLANG_WARN_OBJC_ROOT_CLASS = YES_ERROR;
				CLANG_WARN_QUOTED_INCLUDE_IN_FRAMEWORK_HEADER = YES;
				CLANG_WARN_RANGE_LOOP_ANALYSIS = YES;
				CLANG_WARN_STRICT_PROTOTYPES = YES;
				CLANG_WARN_SUSPICIOUS_MOVE = YES;
				CLANG_WARN_UNGUARDED_AVAILABILITY = YES_AGGRESSIVE;
				CLANG_WARN_UNREACHABLE_CODE = YES;
				CLANG_WARN__DUPLICATE_METHOD_MATCH = YES;
				COPY_PHASE_STRIP = NO;
				DEBUG_INFORMATION_FORMAT = dwarf;
				ENABLE_STRICT_OBJC_MSGSEND = YES;
				ENABLE_TESTABILITY = YES;
				GCC_C_LANGUAGE_STANDARD = gnu11;
				GCC_DYNAMIC_NO_PIC = NO;
				GCC_NO_COMMON_BLOCKS = YES;
				GCC_OPTIMIZATION_LEVEL = 0;
				GCC_PREPROCESSOR_DEFINITIONS = (
					"DEBUG=1",
					"$(inherited)",
				);
				GCC_WARN_64_TO_32_BIT_CONVERSION = YES;
				GCC_WARN_ABOUT_RETURN_TYPE = YES_ERROR;
				GCC_WARN_UNDECLARED_SELECTOR = YES;
				GCC_WARN_UNINITIALIZED_AUTOS = YES_AGGRESSIVE;
				GCC_WARN_UNUSED_FUNCTION = YES;
				GCC_WARN_UNUSED_VARIABLE = YES;
				IPHONEOS_DEPLOYMENT_TARGET = 16.2;
				MTL_ENABLE_DEBUG_INFO = INCLUDE_SOURCE;
				MTL_FAST_MATH = YES;
				ONLY_ACTIVE_ARCH = YES;
				SDKROOT = iphoneos;
				SWIFT_ACTIVE_COMPILATION_CONDITIONS = DEBUG;
				SWIFT_OPTIMIZATION_LEVEL = "-Onone";
			};
			name = Debug;
		};
		6B1152A72969F61600CCF696 /* Release */ = {
			isa = XCBuildConfiguration;
			buildSettings = {
				ALWAYS_SEARCH_USER_PATHS = NO;
				CLANG_ANALYZER_NONNULL = YES;
				CLANG_ANALYZER_NUMBER_OBJECT_CONVERSION = YES_AGGRESSIVE;
				CLANG_CXX_LANGUAGE_STANDARD = "gnu++20";
				CLANG_ENABLE_MODULES = YES;
				CLANG_ENABLE_OBJC_ARC = YES;
				CLANG_ENABLE_OBJC_WEAK = YES;
				CLANG_WARN_BLOCK_CAPTURE_AUTORELEASING = YES;
				CLANG_WARN_BOOL_CONVERSION = YES;
				CLANG_WARN_COMMA = YES;
				CLANG_WARN_CONSTANT_CONVERSION = YES;
				CLANG_WARN_DEPRECATED_OBJC_IMPLEMENTATIONS = YES;
				CLANG_WARN_DIRECT_OBJC_ISA_USAGE = YES_ERROR;
				CLANG_WARN_DOCUMENTATION_COMMENTS = YES;
				CLANG_WARN_EMPTY_BODY = YES;
				CLANG_WARN_ENUM_CONVERSION = YES;
				CLANG_WARN_INFINITE_RECURSION = YES;
				CLANG_WARN_INT_CONVERSION = YES;
				CLANG_WARN_NON_LITERAL_NULL_CONVERSION = YES;
				CLANG_WARN_OBJC_IMPLICIT_RETAIN_SELF = YES;
				CLANG_WARN_OBJC_LITERAL_CONVERSION = YES;
				CLANG_WARN_OBJC_ROOT_CLASS = YES_ERROR;
				CLANG_WARN_QUOTED_INCLUDE_IN_FRAMEWORK_HEADER = YES;
				CLANG_WARN_RANGE_LOOP_ANALYSIS = YES;
				CLANG_WARN_STRICT_PROTOTYPES = YES;
				CLANG_WARN_SUSPICIOUS_MOVE = YES;
				CLANG_WARN_UNGUARDED_AVAILABILITY = YES_AGGRESSIVE;
				CLANG_WARN_UNREACHABLE_CODE = YES;
				CLANG_WARN__DUPLICATE_METHOD_MATCH = YES;
				COPY_PHASE_STRIP = NO;
				DEBUG_INFORMATION_FORMAT = "dwarf-with-dsym";
				ENABLE_NS_ASSERTIONS = NO;
				ENABLE_STRICT_OBJC_MSGSEND = YES;
				GCC_C_LANGUAGE_STANDARD = gnu11;
				GCC_NO_COMMON_BLOCKS = YES;
				GCC_WARN_64_TO_32_BIT_CONVERSION = YES;
				GCC_WARN_ABOUT_RETURN_TYPE = YES_ERROR;
				GCC_WARN_UNDECLARED_SELECTOR = YES;
				GCC_WARN_UNINITIALIZED_AUTOS = YES_AGGRESSIVE;
				GCC_WARN_UNUSED_FUNCTION = YES;
				GCC_WARN_UNUSED_VARIABLE = YES;
				IPHONEOS_DEPLOYMENT_TARGET = 16.2;
				MTL_ENABLE_DEBUG_INFO = NO;
				MTL_FAST_MATH = YES;
				SDKROOT = iphoneos;
				SWIFT_COMPILATION_MODE = wholemodule;
				SWIFT_OPTIMIZATION_LEVEL = "-O";
				VALIDATE_PRODUCT = YES;
			};
			name = Release;
		};
		6B1152A92969F61600CCF696 /* Debug */ = {
			isa = XCBuildConfiguration;
			buildSettings = {
				ASSETCATALOG_COMPILER_APPICON_NAME = AppIcon;
				ASSETCATALOG_COMPILER_GLOBAL_ACCENT_COLOR_NAME = AccentColor;
				CODE_SIGN_IDENTITY = "Apple Development";
				CODE_SIGN_STYLE = Automatic;
				CURRENT_PROJECT_VERSION = 1;
				DEVELOPMENT_TEAM = SHF96JQ55R;
				GENERATE_INFOPLIST_FILE = YES;
				INFOPLIST_FILE = Messanger_version_1/Info.plist;
				INFOPLIST_KEY_UIApplicationSupportsIndirectInputEvents = YES;
				INFOPLIST_KEY_UILaunchStoryboardName = LaunchScreen;
				INFOPLIST_KEY_UIMainStoryboardFile = Main;
				INFOPLIST_KEY_UISupportedInterfaceOrientations = UIInterfaceOrientationPortrait;
				IPHONEOS_DEPLOYMENT_TARGET = 16.2;
				LD_RUNPATH_SEARCH_PATHS = (
					"$(inherited)",
					"@executable_path/Frameworks",
				);
				MARKETING_VERSION = 1.0;
				PRODUCT_BUNDLE_IDENTIFIER = "SwiftAcademy.Messanger-version-1";
				PRODUCT_NAME = "$(TARGET_NAME)";
				PROVISIONING_PROFILE_SPECIFIER = "";
				SWIFT_EMIT_LOC_STRINGS = YES;
				SWIFT_VERSION = 5.0;
				TARGETED_DEVICE_FAMILY = "1,2";
			};
			name = Debug;
		};
		6B1152AA2969F61600CCF696 /* Release */ = {
			isa = XCBuildConfiguration;
			buildSettings = {
				ASSETCATALOG_COMPILER_APPICON_NAME = AppIcon;
				ASSETCATALOG_COMPILER_GLOBAL_ACCENT_COLOR_NAME = AccentColor;
				CODE_SIGN_IDENTITY = "Apple Development";
				CODE_SIGN_STYLE = Automatic;
				CURRENT_PROJECT_VERSION = 1;
				DEVELOPMENT_TEAM = SHF96JQ55R;
				GENERATE_INFOPLIST_FILE = YES;
				INFOPLIST_FILE = Messanger_version_1/Info.plist;
				INFOPLIST_KEY_UIApplicationSupportsIndirectInputEvents = YES;
				INFOPLIST_KEY_UILaunchStoryboardName = LaunchScreen;
				INFOPLIST_KEY_UIMainStoryboardFile = Main;
				INFOPLIST_KEY_UISupportedInterfaceOrientations = UIInterfaceOrientationPortrait;
				IPHONEOS_DEPLOYMENT_TARGET = 16.2;
				LD_RUNPATH_SEARCH_PATHS = (
					"$(inherited)",
					"@executable_path/Frameworks",
				);
				MARKETING_VERSION = 1.0;
				PRODUCT_BUNDLE_IDENTIFIER = "SwiftAcademy.Messanger-version-1";
				PRODUCT_NAME = "$(TARGET_NAME)";
				PROVISIONING_PROFILE_SPECIFIER = "";
				SWIFT_EMIT_LOC_STRINGS = YES;
				SWIFT_VERSION = 5.0;
				TARGETED_DEVICE_FAMILY = "1,2";
			};
			name = Release;
		};
/* End XCBuildConfiguration section */

/* Begin XCConfigurationList section */
		6B11528F2969F61500CCF696 /* Build configuration list for PBXProject "Messanger_version_1" */ = {
			isa = XCConfigurationList;
			buildConfigurations = (
				6B1152A62969F61600CCF696 /* Debug */,
				6B1152A72969F61600CCF696 /* Release */,
			);
			defaultConfigurationIsVisible = 0;
			defaultConfigurationName = Release;
		};
		6B1152A82969F61600CCF696 /* Build configuration list for PBXNativeTarget "Messanger_version_1" */ = {
			isa = XCConfigurationList;
			buildConfigurations = (
				6B1152A92969F61600CCF696 /* Debug */,
				6B1152AA2969F61600CCF696 /* Release */,
			);
			defaultConfigurationIsVisible = 0;
			defaultConfigurationName = Release;
		};
/* End XCConfigurationList section */

/* Begin XCRemoteSwiftPackageReference section */
		6B1152BF296A336400CCF696 /* XCRemoteSwiftPackageReference "firebase-ios-sdk" */ = {
			isa = XCRemoteSwiftPackageReference;
			repositoryURL = "https://github.com/firebase/firebase-ios-sdk.git";
			requirement = {
				kind = upToNextMajorVersion;
				minimumVersion = 9.0.0;
			};
		};
		6B1152D0296B6C1F00CCF696 /* XCRemoteSwiftPackageReference "MessageKit" */ = {
			isa = XCRemoteSwiftPackageReference;
			repositoryURL = "https://github.com/MessageKit/MessageKit.git";
			requirement = {
				kind = upToNextMajorVersion;
				minimumVersion = 4.0.0;
			};
		};
		6B1152D3296B6C4200CCF696 /* XCRemoteSwiftPackageReference "JGProgressHUD" */ = {
			isa = XCRemoteSwiftPackageReference;
			repositoryURL = "https://github.com/JonasGessner/JGProgressHUD.git";
			requirement = {
				kind = upToNextMajorVersion;
				minimumVersion = 2.0.0;
			};
		};
		6B1152D6296B6D9E00CCF696 /* XCRemoteSwiftPackageReference "realm-swift" */ = {
			isa = XCRemoteSwiftPackageReference;
			repositoryURL = "https://github.com/realm/realm-swift.git";
			requirement = {
				branch = master;
				kind = branch;
			};
		};
/* End XCRemoteSwiftPackageReference section */

/* Begin XCSwiftPackageProductDependency section */
		6B1152C0296A336400CCF696 /* FirebaseAuth */ = {
			isa = XCSwiftPackageProductDependency;
			package = 6B1152BF296A336400CCF696 /* XCRemoteSwiftPackageReference "firebase-ios-sdk" */;
			productName = FirebaseAuth;
		};
		6B1152C2296A336400CCF696 /* FirebaseDatabase */ = {
			isa = XCSwiftPackageProductDependency;
			package = 6B1152BF296A336400CCF696 /* XCRemoteSwiftPackageReference "firebase-ios-sdk" */;
			productName = FirebaseDatabase;
		};
		6B1152C4296A336400CCF696 /* FirebaseStorage */ = {
			isa = XCSwiftPackageProductDependency;
			package = 6B1152BF296A336400CCF696 /* XCRemoteSwiftPackageReference "firebase-ios-sdk" */;
			productName = FirebaseStorage;
		};
		6B1152D1296B6C2000CCF696 /* MessageKit */ = {
			isa = XCSwiftPackageProductDependency;
			package = 6B1152D0296B6C1F00CCF696 /* XCRemoteSwiftPackageReference "MessageKit" */;
			productName = MessageKit;
		};
		6B1152D4296B6C4200CCF696 /* JGProgressHUD */ = {
			isa = XCSwiftPackageProductDependency;
			package = 6B1152D3296B6C4200CCF696 /* XCRemoteSwiftPackageReference "JGProgressHUD" */;
			productName = JGProgressHUD;
		};
		6B1152D7296B6D9E00CCF696 /* RealmSwift */ = {
			isa = XCSwiftPackageProductDependency;
			package = 6B1152D6296B6D9E00CCF696 /* XCRemoteSwiftPackageReference "realm-swift" */;
			productName = RealmSwift;
		};
/* End XCSwiftPackageProductDependency section */
	};
	rootObject = 6B11528C2969F61500CCF696 /* Project object */;
}
